github.com/dennwc/btrfs v0.0.0-20241002142654-12ae127e0bf6 h1:fV+JlCY0cCJh3l0jfE7iB3ZmrdfJSgfcjdrCQhPokGg=
github.com/dennwc/btrfs v0.0.0-20241002142654-12ae127e0bf6/go.mod h1:MYsOV9Dgsec3FFSOjywi0QK5r6TeBbdWxdrMGtiYXHA=
github.com/dennwc/ioctl v1.0.0 h1:DsWAAjIxRqNcLn9x6mwfuf2pet3iB7aK90K4tF16rLg=
github.com/dennwc/ioctl v1.0.0/go.mod h1:ellh2YB5ldny99SBU/VX7Nq0xiZbHphf1DrtHxxjMk0=
